lockfileVersion: 5.4

specifiers:
  turbo: 1.4.3

devDependencies:
  turbo: 1.4.3

packages:

  /turbo-android-arm64/1.4.3:
    resolution: {integrity: sha512-ZUvdoEHJkTkOFOO9PKWYrdONDBVqkNsvwEMufTVf07RXgqmbXDPkznzT4hcQm6xXyqWqJdjgSAMdlm+2nNE1Og==}
    cpu: [arm64]
    os: [android]
    requiresBuild: true
    dev: true
    optional: true

  /turbo-darwin-64/1.4.3:
    resolution: {integrity: sha512-gapoVm5qbu2TJS4lJ6fM3o2eAkLyXSxHihw/4NRAYmwHCH3at1/cIAnRcctB/HLL3ZaB/p3HKb8mnI7k6xNHOw==}
    cpu: [x64]
    os: [darwin]
    requiresBuild: true
    dev: true
    optional: true

  /turbo-darwin-arm64/1.4.3:
    resolution: {integrity: sha512-XUe6FTsHamEH7FfNslYYO04yecAaguhZuwW4kE9B/BAP8MUYsmVqONauLPyE/YqM6pf2K0xwVe+RlEGf53CWbg==}
    cpu: [arm64]
    os: [darwin]
    requiresBuild: true
    dev: true
    optional: true

  /turbo-freebsd-64/1.4.3:
    resolution: {integrity: sha512-1CAjXmDClgMXdWZXreUfAbGBB2WB9TZHfJIdsgnDqt4fIcFGChknzYqc+Fj3tGHAczMpinGjBbWIzFuxOq/ofQ==}
    cpu: [x64]
    os: [freebsd]
    requiresBuild: true
    dev: true
    optional: true

  /turbo-freebsd-arm64/1.4.3:
    resolution: {integrity: sha512-j5C7j/vwabPKpr5d6YlLgHGHBZCOcXj3HdkBshDHTQ0wghH0NuCUUaesYxI3wva/4/Ec0dhIrb20Laa/HMxXLA==}
    cpu: [arm64]
    os: [freebsd]
    requiresBuild: true
    dev: true
    optional: true

  /turbo-linux-32/1.4.3:
    resolution: {integrity: sha512-vnc+StXIoQEnxIU43j7rEz/J+v+RV4dbUdUolBq0k9gkUV8KMCcqPkIa753K47E2KLNGKXMaYDI6AHQX1GAQZg==}
    cpu: [ia32]
    os: [linux]
    requiresBuild: true
    dev: true
    optional: true

  /turbo-linux-64/1.4.3:
    resolution: {integrity: sha512-KAUeIa8Ejt6BLrBGbVurlrjDxqh62tu75D4cqKqKfzWspcbEtmdqlV6qthXfm8SlzGSNuQXX0+qXEWds2FIZXg==}
    cpu: [x64]
    os: [linux]
    requiresBuild: true
    dev: true
    optional: true

  /turbo-linux-arm/1.4.3:
    resolution: {integrity: sha512-zZNoHUK5ioFyxAngh8tHe763Dzb22ne3LJkaZn0ExkFHJtWClWv536lPcDuQPpIH9W9iz5OwPKtN32DNpNwk8A==}
    cpu: [arm]
    os: [linux]
    requiresBuild: true
    dev: true
    optional: true

  /turbo-linux-arm64/1.4.3:
    resolution: {integrity: sha512-rzB7w+RHCQkKr8aDxxozv/IzdN976CYyBiRocSf9QGU73uyAg8pCo3i0MiENSRjDC+tUbdbu2lEUwGXf9ziB9Q==}
    cpu: [arm64]
    os: [linux]
    requiresBuild: true
    dev: true
    optional: true

  /turbo-linux-mips64le/1.4.3:
    resolution: {integrity: sha512-Ztr1BM5NiUsHWjB7zpkP2RpRDA/fjbLaCbkyfyGlLmVkrSkh05NFBD03IWs2LSLy/wb6vRpL3MQ4FKcb97Tn8w==}
    cpu: [mipsel]
    os: [linux]
    requiresBuild: true
    dev: true
    optional: true

  /turbo-linux-ppc64le/1.4.3:
    resolution: {integrity: sha512-tJaFJWxwfy/iLd69VHZj6JcXy9hO8LQ+ZUOna/p/wiy5WrFVgEYlD+4gfECfRZ+52EIelMgXl97vACaN1WMhLw==}
    cpu: [ppc64]
    os: [linux]
    requiresBuild: true
    dev: true
    optional: true

  /turbo-windows-32/1.4.3:
    resolution: {integrity: sha512-w9LyYd+DW3PYFXu9vQiie5lfdqmVIKLV0h181C49hempkIXfgQAosXfaugYWDwBc0GEBoBIQB0vGQKE7gt5nzA==}
    cpu: [ia32]
    os: [win32]
    requiresBuild: true
    dev: true
    optional: true

  /turbo-windows-64/1.4.3:
    resolution: {integrity: sha512-qPCqemxxOrXyqqig3fVQozRkOwo5oJSsQ3FTZE5YlNu2NwwWvY1mC0X4WTZIDsbj4oHqr0riqC7RGKbjQm1IIQ==}
    cpu: [x64]
    os: [win32]
    requiresBuild: true
    dev: true
    optional: true

  /turbo-windows-arm64/1.4.3:
    resolution: {integrity: sha512-djnOOBjw33AnUx2SR6TMOpDr3nKLnVD+HcZvnQz70HyE331AKWjBoEE4rtUOteLAfViWAp3afbiljFSOnbU00Q==}
    cpu: [arm64]
    os: [win32]
    requiresBuild: true
    dev: true
    optional: true

  /turbo/1.4.3:
    resolution: {integrity: sha512-g08eD2HdO/XW5xGHnXr0cXGiWnrgFBI6pN/3u0EOTeerKAsWIZU0ZrpSnl3whRtImeBB/gQu7Eu1waM2VOxzgw==}
    hasBin: true
    requiresBuild: true
    optionalDependencies:
      turbo-android-arm64: 1.4.3
      turbo-darwin-64: 1.4.3
      turbo-darwin-arm64: 1.4.3
      turbo-freebsd-64: 1.4.3
      turbo-freebsd-arm64: 1.4.3
      turbo-linux-32: 1.4.3
      turbo-linux-64: 1.4.3
      turbo-linux-arm: 1.4.3
      turbo-linux-arm64: 1.4.3
      turbo-linux-mips64le: 1.4.3
      turbo-linux-ppc64le: 1.4.3
      turbo-windows-32: 1.4.3
      turbo-windows-64: 1.4.3
      turbo-windows-arm64: 1.4.3
    dev: true
